// !$*UTF8*$!
{
	archiveVersion = 1;
	classes = {
	};
	objectVersion = 46;
	objects = {

/* Begin PBXBuildFile section */
		E9DDDCF9194DD3DF00DC4522 /* main.cpp in Sources */ = {isa = PBXBuildFile; fileRef = E9DDDCF8194DD3DF00DC4522 /* main.cpp */; };
		E9DDDD00194DD3DF00DC4522 /* sansation.ttf in Resources */ = {isa = PBXBuildFile; fileRef = E9DDDCFF194DD3DF00DC4522 /* sansation.ttf */; };
		E9DDDD0E194DD40200DC4522 /* SFML.framework in Frameworks */ = {isa = PBXBuildFile; fileRef = E9DDDD08194DD40200DC4522 /* SFML.framework */; };
		E9DDDD0F194DD40200DC4522 /* sfml-window.framework in Frameworks */ = {isa = PBXBuildFile; fileRef = E9DDDD09194DD40200DC4522 /* sfml-window.framework */; };
		E9DDDD10194DD40200DC4522 /* sfml-system.framework in Frameworks */ = {isa = PBXBuildFile; fileRef = E9DDDD0A194DD40200DC4522 /* sfml-system.framework */; };
		E9DDDD11194DD40200DC4522 /* sfml-network.framework in Frameworks */ = {isa = PBXBuildFile; fileRef = E9DDDD0B194DD40200DC4522 /* sfml-network.framework */; };
		E9DDDD12194DD40200DC4522 /* sfml-graphics.framework in Frameworks */ = {isa = PBXBuildFile; fileRef = E9DDDD0C194DD40200DC4522 /* sfml-graphics.framework */; };
		E9DDDD13194DD40200DC4522 /* sfml-audio.framework in Frameworks */ = {isa = PBXBuildFile; fileRef = E9DDDD0D194DD40200DC4522 /* sfml-audio.framework */; };
		E9DDDD1D194DD89C00DC4522 /* CalculateFxValues.cpp in Sources */ = {isa = PBXBuildFile; fileRef = E9DDDD1C194DD89C00DC4522 /* CalculateFxValues.cpp */; };
		E9DDDD23194DE86700DC4522 /* CalculateFirstDerivative.cpp in Sources */ = {isa = PBXBuildFile; fileRef = E9DDDD21194DE86700DC4522 /* CalculateFirstDerivative.cpp */; };
/* End PBXBuildFile section */

/* Begin PBXFileReference section */
		E9DDDCF0194DD3DF00DC4522 /* Funktionsanzeige.app */ = {isa = PBXFileReference; explicitFileType = wrapper.application; includeInIndex = 0; path = Funktionsanzeige.app; sourceTree = BUILT_PRODUCTS_DIR; };
		E9DDDCF4194DD3DF00DC4522 /* Funktionsanzeige-Info.plist */ = {isa = PBXFileReference; lastKnownFileType = text.plist.xml; path = "Funktionsanzeige-Info.plist"; sourceTree = "<group>"; };
		E9DDDCF8194DD3DF00DC4522 /* main.cpp */ = {isa = PBXFileReference; lastKnownFileType = sourcecode.cpp.cpp; path = main.cpp; sourceTree = "<group>"; };
		E9DDDCFF194DD3DF00DC4522 /* sansation.ttf */ = {isa = PBXFileReference; lastKnownFileType = file; path = sansation.ttf; sourceTree = "<group>"; };
		E9DDDD08194DD40200DC4522 /* SFML.framework */ = {isa = PBXFileReference; lastKnownFileType = wrapper.framework; name = SFML.framework; path = "../../Downloads/SFML-2.1-osx-clang-universal/Frameworks/SFML.framework"; sourceTree = "<group>"; };
		E9DDDD09194DD40200DC4522 /* sfml-window.framework */ = {isa = PBXFileReference; lastKnownFileType = wrapper.framework; name = "sfml-window.framework"; path = "../../Downloads/SFML-2.1-osx-clang-universal/Frameworks/sfml-window.framework"; sourceTree = "<group>"; };
		E9DDDD0A194DD40200DC4522 /* sfml-system.framework */ = {isa = PBXFileReference; lastKnownFileType = wrapper.framework; name = "sfml-system.framework"; path = "../../Downloads/SFML-2.1-osx-clang-universal/Frameworks/sfml-system.framework"; sourceTree = "<group>"; };
		E9DDDD0B194DD40200DC4522 /* sfml-network.framework */ = {isa = PBXFileReference; lastKnownFileType = wrapper.framework; name = "sfml-network.framework"; path = "../../Downloads/SFML-2.1-osx-clang-universal/Frameworks/sfml-network.framework"; sourceTree = "<group>"; };
		E9DDDD0C194DD40200DC4522 /* sfml-graphics.framework */ = {isa = PBXFileReference; lastKnownFileType = wrapper.framework; name = "sfml-graphics.framework"; path = "../../Downloads/SFML-2.1-osx-clang-universal/Frameworks/sfml-graphics.framework"; sourceTree = "<group>"; };
		E9DDDD0D194DD40200DC4522 /* sfml-audio.framework */ = {isa = PBXFileReference; lastKnownFileType = wrapper.framework; name = "sfml-audio.framework"; path = "../../Downloads/SFML-2.1-osx-clang-universal/Frameworks/sfml-audio.framework"; sourceTree = "<group>"; };
		E9DDDD1B194DD86C00DC4522 /* CalculateFxValues.hpp */ = {isa = PBXFileReference; lastKnownFileType = sourcecode.cpp.h; path = CalculateFxValues.hpp; sourceTree = "<group>"; };
		E9DDDD1C194DD89C00DC4522 /* CalculateFxValues.cpp */ = {isa = PBXFileReference; fileEncoding = 4; lastKnownFileType = sourcecode.cpp.cpp; path = CalculateFxValues.cpp; sourceTree = "<group>"; };
		E9DDDD21194DE86700DC4522 /* CalculateFirstDerivative.cpp */ = {isa = PBXFileReference; fileEncoding = 4; lastKnownFileType = sourcecode.cpp.cpp; path = CalculateFirstDerivative.cpp; sourceTree = "<group>"; };
		E9DDDD27194DEFCC00DC4522 /* CalculateFirstDerivative.h */ = {isa = PBXFileReference; fileEncoding = 4; lastKnownFileType = sourcecode.c.h; path = CalculateFirstDerivative.h; sourceTree = "<group>"; };
/* End PBXFileReference section */

/* Begin PBXFrameworksBuildPhase section */
		E9DDDCEC194DD3DF00DC4522 /* Frameworks */ = {
			isa = PBXFrameworksBuildPhase;
			buildActionMask = 2147483647;
			files = (
				E9DDDD0E194DD40200DC4522 /* SFML.framework in Frameworks */,
				E9DDDD0F194DD40200DC4522 /* sfml-window.framework in Frameworks */,
				E9DDDD10194DD40200DC4522 /* sfml-system.framework in Frameworks */,
				E9DDDD11194DD40200DC4522 /* sfml-network.framework in Frameworks */,
				E9DDDD12194DD40200DC4522 /* sfml-graphics.framework in Frameworks */,
				E9DDDD13194DD40200DC4522 /* sfml-audio.framework in Frameworks */,
			);
			runOnlyForDeploymentPostprocessing = 0;
		};
/* End PBXFrameworksBuildPhase section */

/* Begin PBXGroup section */
		E9DDDCE6194DD3DF00DC4522 = {
			isa = PBXGroup;
			children = (
				E9DDDD08194DD40200DC4522 /* SFML.framework */,
				E9DDDD09194DD40200DC4522 /* sfml-window.framework */,
				E9DDDD0A194DD40200DC4522 /* sfml-system.framework */,
				E9DDDD0B194DD40200DC4522 /* sfml-network.framework */,
				E9DDDD0C194DD40200DC4522 /* sfml-graphics.framework */,
				E9DDDD0D194DD40200DC4522 /* sfml-audio.framework */,
				E9DDDCF2194DD3DF00DC4522 /* Funktionsanzeige */,
				E9DDDCF1194DD3DF00DC4522 /* Products */,
			);
			sourceTree = "<group>";
		};
		E9DDDCF1194DD3DF00DC4522 /* Products */ = {
			isa = PBXGroup;
			children = (
				E9DDDCF0194DD3DF00DC4522 /* Funktionsanzeige.app */,
			);
			name = Products;
			sourceTree = "<group>";
		};
		E9DDDCF2194DD3DF00DC4522 /* Funktionsanzeige */ = {
			isa = PBXGroup;
			children = (
				E9DDDD16194DD5A500DC4522 /* Headerdatein */,
				E9DDDD15194DD59900DC4522 /* Quellcode */,
				E9DDDCFA194DD3DF00DC4522 /* Resources */,
				E9DDDCF3194DD3DF00DC4522 /* Supporting Files */,
			);
			path = Funktionsanzeige;
			sourceTree = "<group>";
		};
		E9DDDCF3194DD3DF00DC4522 /* Supporting Files */ = {
			isa = PBXGroup;
			children = (
				E9DDDCF4194DD3DF00DC4522 /* Funktionsanzeige-Info.plist */,
			);
			name = "Supporting Files";
			sourceTree = "<group>";
		};
		E9DDDCFA194DD3DF00DC4522 /* Resources */ = {
			isa = PBXGroup;
			children = (
				E9DDDCFF194DD3DF00DC4522 /* sansation.ttf */,
			);
			name = Resources;
			sourceTree = "<group>";
		};
		E9DDDD15194DD59900DC4522 /* Quellcode */ = {
			isa = PBXGroup;
			children = (
				E9DDDCF8194DD3DF00DC4522 /* main.cpp */,
				E9DDDD1C194DD89C00DC4522 /* CalculateFxValues.cpp */,
				E9DDDD21194DE86700DC4522 /* CalculateFirstDerivative.cpp */,
			);
			name = Quellcode;
			sourceTree = "<group>";
		};
		E9DDDD16194DD5A500DC4522 /* Headerdatein */ = {
			isa = PBXGroup;
			children = (
				E9DDDD27194DEFCC00DC4522 /* CalculateFirstDerivative.h */,
				E9DDDD1B194DD86C00DC4522 /* CalculateFxValues.hpp */,
			);
			name = Headerdatein;
			sourceTree = "<group>";
		};
/* End PBXGroup section */

/* Begin PBXNativeTarget section */
		E9DDDCEF194DD3DF00DC4522 /* Funktionsanzeige */ = {
			isa = PBXNativeTarget;
			buildConfigurationList = E9DDDD05194DD3DF00DC4522 /* Build configuration list for PBXNativeTarget "Funktionsanzeige" */;
			buildPhases = (
				E9DDDCEB194DD3DF00DC4522 /* Sources */,
				E9DDDCEC194DD3DF00DC4522 /* Frameworks */,
				E9DDDCED194DD3DF00DC4522 /* Resources */,
				E9DDDCEE194DD3DF00DC4522 /* ShellScript */,
			);
			buildRules = (
			);
			dependencies = (
			);
			name = Funktionsanzeige;
			productName = Funktionsanzeige;
			productReference = E9DDDCF0194DD3DF00DC4522 /* Funktionsanzeige.app */;
			productType = "com.apple.product-type.application";
		};
/* End PBXNativeTarget section */

/* Begin PBXProject section */
		E9DDDCE7194DD3DF00DC4522 /* Project object */ = {
			isa = PBXProject;
			attributes = {
				LastUpgradeCheck = 0510;
				ORGANIZATIONNAME = "Thomas Dost";
			};
			buildConfigurationList = E9DDDCEA194DD3DF00DC4522 /* Build configuration list for PBXProject "Funktionsanzeige" */;
			compatibilityVersion = "Xcode 3.2";
			developmentRegion = English;
			hasScannedForEncodings = 0;
			knownRegions = (
				en,
			);
			mainGroup = E9DDDCE6194DD3DF00DC4522;
			productRefGroup = E9DDDCF1194DD3DF00DC4522 /* Products */;
			projectDirPath = "";
			projectRoot = "";
			targets = (
				E9DDDCEF194DD3DF00DC4522 /* Funktionsanzeige */,
			);
		};
/* End PBXProject section */

/* Begin PBXResourcesBuildPhase section */
		E9DDDCED194DD3DF00DC4522 /* Resources */ = {
			isa = PBXResourcesBuildPhase;
			buildActionMask = 2147483647;
			files = (
				E9DDDD00194DD3DF00DC4522 /* sansation.ttf in Resources */,
			);
			runOnlyForDeploymentPostprocessing = 0;
		};
/* End PBXResourcesBuildPhase section */

/* Begin PBXShellScriptBuildPhase section */
		E9DDDCEE194DD3DF00DC4522 /* ShellScript */ = {
			isa = PBXShellScriptBuildPhase;
			buildActionMask = 2147483647;
			files = (
			);
			inputPaths = (
			);
			outputPaths = (
			);
			runOnlyForDeploymentPostprocessing = 0;
			shellPath = /bin/sh;
			shellScript = "# This shell script simply copies required sfml dylibs/frameworks into the application bundle frameworks folder.\n# If you're using static libraries (which is not recommended) you should remove this script from your project.\n\n# Are we building a project that uses framework or dylibs ?\ncase \"$SFML_BINARY_TYPE\" in\n    DYLIBS)\n        frameworks=\"false\"\n        ;;\n    *)\n        frameworks=\"true\"\n        ;;\nesac\n\n# Echoes to stderr\nerror () # $* message to display\n{\n    echo $* 1>&2\n    exit 2\n}\n\nassert () # $1 is a boolean, $2...N is an error message\n{\n    if [ $# -lt 2 ]\n    then\n        error \"Internal error in assert : not enough args\"\n    fi\n\n    if [ $1 -ne 0 ]\n    then\n        shift\n        error \"$*\"\n    fi\n}\n\nforce_remove () # $1 is a path\n{\n    test $# -eq 1\n    assert $? \"force_remove() requires one parameter\"\n    rm -fr \"$1\"\n    assert $? \"couldn't remove $1\"\n}\n\ncopy () # $1 is a source, $2 is a destination\n{\n    test $# -eq 2\n    assert $? \"copy() requires two parameters\"\n    ditto \"$1\" \"$2\"\n    assert $? \"couldn't copy $1 to $2\"\n}\n\nrequire () # $1 is a SFML module like 'system' or 'audio'\n{\n    dest=\"$BUILT_PRODUCTS_DIR/$PRODUCT_NAME.app/Contents/Frameworks\"\n    \n    if [ -z \"$1\" ]\n    then\n        error \"require() requires one parameter!\"\n    else\n        # clean potentially old stuff\n        force_remove \"$dest/libsfml-$1.2.dylib\"\n        force_remove \"$dest/libsfml-$1-d.2.dylib\"\n        force_remove \"$dest/sfml-$1.framework\"\n    \n        # copy SFML libraries\n        if [ \"$frameworks\" = \"true\" ]\n        then\n            copy \"/Library/Frameworks/sfml-$1.framework\" \"$dest/sfml-$1.framework\"\n        elif [ $CONFIGURATION = \"Debug\" ] && [ $SFML_LINK_DYLIBS_SUFFIX_DEBUG != \"\" ]\n        then\n            copy \"/usr/local/lib/libsfml-$1-d.2.dylib\" \"$dest/libsfml-$1-d.2.dylib\"\n        else\n            copy \"/usr/local/lib/libsfml-$1.2.dylib\" \"$dest/libsfml-$1.2.dylib\"\n        fi\n        \n        if [ \"$1\" = \"audio\" ]\n        then\n            # copy sndfile framework too\n            copy \"/Library/Frameworks/sndfile.framework\" \"$dest/sndfile.framework\"\n        fi\n\n        if [ \"$1\" = \"graphics\" ]\n        then\n            # copy freetype framework too\n            copy \"/Library/Frameworks/freetype.framework\" \"$dest/freetype.framework\"\n        fi\n    fi\n}\n\nif [ -n \"$SFML_SYSTEM\" ]\nthen\n    require \"system\"\nfi\n\nif [ -n \"$SFML_AUDIO\" ]\nthen\n    require \"audio\"\nfi\n\nif [ -n \"$SFML_NETWORK\" ]\nthen\n    require \"network\"\nfi\n\nif [ -n \"$SFML_WINDOW\" ]\nthen\n    require \"window\"\nfi\n\nif [ -n \"$SFML_GRAPHICS\" ]\nthen\n    require \"graphics\"\nfi\n\n                ";
		};
/* End PBXShellScriptBuildPhase section */

/* Begin PBXSourcesBuildPhase section */
		E9DDDCEB194DD3DF00DC4522 /* Sources */ = {
			isa = PBXSourcesBuildPhase;
			buildActionMask = 2147483647;
			files = (
				E9DDDD23194DE86700DC4522 /* CalculateFirstDerivative.cpp in Sources */,
				E9DDDCF9194DD3DF00DC4522 /* main.cpp in Sources */,
				E9DDDD1D194DD89C00DC4522 /* CalculateFxValues.cpp in Sources */,
			);
			runOnlyForDeploymentPostprocessing = 0;
		};
/* End PBXSourcesBuildPhase section */

/* Begin XCBuildConfiguration section */
		E9DDDD03194DD3DF00DC4522 /* Debug */ = {
			isa = XCBuildConfiguration;
			buildSettings = {
				ARCHS = "$(ARCHS_STANDARD_32_64_BIT)";
				CLANG_CXX_LANGUAGE_STANDARD = "c++0x";
				CLANG_CXX_LIBRARY = "libc++";
				CLANG_WARN_EMPTY_BODY = YES;
				CLANG_WARN__DUPLICATE_METHOD_MATCH = YES;
				FRAMEWORK_SEARCH_PATHS = (
					/Library/Frameworks/,
					"$(inherited)",
				);
				GCC_OPTIMIZATION_LEVEL = 0;
				GCC_PREPROCESSOR_DEFINITIONS = (
					"DEBUG=1",
					"$(inherited)",
				);
				GCC_VERSION = com.apple.compilers.llvm.clang.1_0;
				GCC_WARN_ABOUT_RETURN_TYPE = YES;
				GCC_WARN_UNINITIALIZED_AUTOS = YES;
				GCC_WARN_UNUSED_VARIABLE = YES;
				HEADER_SEARCH_PATHS = (
					/usr/local/include/,
					"$(inherited)",
				);
				LIBRARY_SEARCH_PATHS = (
					/usr/local/lib/,
					"$(inherited)",
				);
				ONLY_ACTIVE_ARCH = NO;
				OTHER_LDFLAGS = (
					"$(inherited)",
					"$(SFML_SYSTEM)",
					"$(SFML_WINDOW)",
					"$(SFML_GRAPHICS)",
					"$(SFML_AUDIO)",
					"$(SFML_NETWORK)",
				);
				SFML_AUDIO = "";
				SFML_BINARY_TYPE = FRAMEWORKS;
				SFML_LINK_DYLIBS_PREFIX = "-l";
				SFML_LINK_DYLIBS_SUFFIX = "";
				SFML_LINK_FRAMEWORKS_PREFIX = "-framework ";
				SFML_LINK_FRAMEWORKS_SUFFIX = "";
				SFML_LINK_PREFIX = "$(SFML_LINK_$(SFML_BINARY_TYPE)_PREFIX)";
				SFML_LINK_SUFFIX = "$(SFML_LINK_$(SFML_BINARY_TYPE)_SUFFIX)";
				SFML_NETWORK = "";
				SFML_SYSTEM = "$(SFML_LINK_PREFIX)sfml-system$(SFML_LINK_SUFFIX)";
				SFML_WINDOW = "";
				SUPPORTED_PLATFORMS = macosx;
			};
			name = Debug;
		};
		E9DDDD04194DD3DF00DC4522 /* Release */ = {
			isa = XCBuildConfiguration;
			buildSettings = {
				ARCHS = "$(ARCHS_STANDARD_32_64_BIT)";
				CLANG_CXX_LANGUAGE_STANDARD = "c++0x";
				CLANG_CXX_LIBRARY = "libc++";
				CLANG_WARN_EMPTY_BODY = YES;
				CLANG_WARN__DUPLICATE_METHOD_MATCH = YES;
				COPY_PHASE_STRIP = YES;
				FRAMEWORK_SEARCH_PATHS = (
					/Library/Frameworks/,
					"$(inherited)",
				);
				GCC_VERSION = com.apple.compilers.llvm.clang.1_0;
				GCC_WARN_ABOUT_RETURN_TYPE = YES;
				GCC_WARN_UNINITIALIZED_AUTOS = YES;
				GCC_WARN_UNUSED_VARIABLE = YES;
				HEADER_SEARCH_PATHS = (
					/usr/local/include/,
					"$(inherited)",
				);
				LIBRARY_SEARCH_PATHS = (
					/usr/local/lib/,
					"$(inherited)",
				);
				ONLY_ACTIVE_ARCH = NO;
				OTHER_LDFLAGS = (
					"$(inherited)",
					"$(SFML_SYSTEM)",
					"$(SFML_WINDOW)",
					"$(SFML_GRAPHICS)",
					"$(SFML_AUDIO)",
					"$(SFML_NETWORK)",
				);
				SFML_AUDIO = "";
				SFML_BINARY_TYPE = FRAMEWORKS;
				SFML_LINK_DYLIBS_PREFIX = "-l";
				SFML_LINK_DYLIBS_SUFFIX = "";
				SFML_LINK_FRAMEWORKS_PREFIX = "-framework ";
				SFML_LINK_FRAMEWORKS_SUFFIX = "";
				SFML_LINK_PREFIX = "$(SFML_LINK_$(SFML_BINARY_TYPE)_PREFIX)";
				SFML_LINK_SUFFIX = "$(SFML_LINK_$(SFML_BINARY_TYPE)_SUFFIX)";
				SFML_NETWORK = "";
				SFML_SYSTEM = "$(SFML_LINK_PREFIX)sfml-system$(SFML_LINK_SUFFIX)";
				SFML_WINDOW = "";
				SUPPORTED_PLATFORMS = macosx;
			};
			name = Release;
		};
		E9DDDD06194DD3DF00DC4522 /* Debug */ = {
			isa = XCBuildConfiguration;
			buildSettings = {
				FRAMEWORK_SEARCH_PATHS = (
					"$(inherited)",
					"/Users/Thomas/Downloads/SFML-2.1-osx-clang-universal/Frameworks",
				);
				INFOPLIST_FILE = "Funktionsanzeige/Funktionsanzeige-Info.plist";
				PRODUCT_NAME = "$(TARGET_NAME)";
				SFML_SYSTEM = "";
			};
			name = Debug;
		};
		E9DDDD07194DD3DF00DC4522 /* Release */ = {
			isa = XCBuildConfiguration;
			buildSettings = {
				FRAMEWORK_SEARCH_PATHS = (
					"$(inherited)",
					"/Users/Thomas/Downloads/SFML-2.1-osx-clang-universal/Frameworks",
				);
				INFOPLIST_FILE = "Funktionsanzeige/Funktionsanzeige-Info.plist";
				PRODUCT_NAME = "$(TARGET_NAME)";
				SFML_SYSTEM = "";
			};
			name = Release;
		};
/* End XCBuildConfiguration section */

/* Begin XCConfigurationList section */
		E9DDDCEA194DD3DF00DC4522 /* Build configuration list for PBXProject "Funktionsanzeige" */ = {
			isa = XCConfigurationList;
			buildConfigurations = (
				E9DDDD03194DD3DF00DC4522 /* Debug */,
				E9DDDD04194DD3DF00DC4522 /* Release */,
			);
			defaultConfigurationIsVisible = 0;
			defaultConfigurationName = Release;
		};
		E9DDDD05194DD3DF00DC4522 /* Build configuration list for PBXNativeTarget "Funktionsanzeige" */ = {
			isa = XCConfigurationList;
			buildConfigurations = (
				E9DDDD06194DD3DF00DC4522 /* Debug */,
				E9DDDD07194DD3DF00DC4522 /* Release */,
			);
			defaultConfigurationIsVisible = 0;
			defaultConfigurationName = Release;
		};
/* End XCConfigurationList section */
	};
	rootObject = E9DDDCE7194DD3DF00DC4522 /* Project object */;
}
